
Microsoft Visual Studio Solution File, Format Version 12.00
# Visual Studio Version 17
VisualStudioVersion = 17.11.35303.130
MinimumVisualStudioVersion = 10.0.40219.1
Project("{FAE04EC0-301F-11D3-BF4B-00C04F79EFBC}") = "lab01", "lab01.csproj", "{ACE30B8F-4450-45CB-90C1-0C13DE4118EB}"
EndProject
Global
	GlobalSection(SolutionConfigurationPlatforms) = preSolution
		Debug|Any CPU = Debug|Any CPU
		Release|Any CPU = Release|Any CPU
	EndGlobalSection
	GlobalSection(ProjectConfigurationPlatforms) = postSolution
		{ACE30B8F-4450-45CB-90C1-0C13DE4118EB}.Debug|Any CPU.ActiveCfg = Debug|Any CPU
		{ACE30B8F-4450-45CB-90C1-0C13DE4118EB}.Debug|Any CPU.Build.0 = Debug|Any CPU
		{ACE30B8F-4450-45CB-90C1-0C13DE4118EB}.Release|Any CPU.ActiveCfg = Release|Any CPU
		{ACE30B8F-4450-45CB-90C1-0C13DE4118EB}.Release|Any CPU.Build.0 = Release|Any CPU
	EndGlobalSection
	GlobalSection(SolutionProperties) = preSolution
		HideSolutionNode = FALSE
	EndGlobalSection
	GlobalSection(ExtensibilityGlobals) = postSolution
		SolutionGuid = {CB5207B9-681E-42CD-977E-0D05D9C93DF9}
	EndGlobalSection
EndGlobal
